Microsoft Visual Studio Solution File, Format Version 11.00
# Visual Studio 2008

Project("{9B269E68-4B84-4C28-8AFC-888E1070CF53}") = "Space Mechanic", "Assembly-CSharp.csproj", "{CC800286-9DB6-7ED8-959D-54893ACEDA62}"
EndProject
Global
	GlobalSection(SolutionConfigurationPlatforms) = preSolution
		Debug|Any CPU = Debug|Any CPU
		Release|Any CPU = Release|Any CPU
	EndGlobalSection
	GlobalSection(ProjectConfigurationPlatforms) = postSolution
		{CC800286-9DB6-7ED8-959D-54893ACEDA62}.Debug|Any CPU.ActiveCfg = Debug|Any CPU
		{CC800286-9DB6-7ED8-959D-54893ACEDA62}.Debug|Any CPU.Build.0 = Debug|Any CPU
		{CC800286-9DB6-7ED8-959D-54893ACEDA62}.Release|Any CPU.ActiveCfg = Release|Any CPU
		{CC800286-9DB6-7ED8-959D-54893ACEDA62}.Release|Any CPU.Build.0 = Release|Any CPU
	EndGlobalSection
	GlobalSection(SolutionProperties) = preSolution
		HideSolutionNode = FALSE
	EndGlobalSection
	GlobalSection(MonoDevelopProperties) = preSolution
		Policies = $0
		$0.TextStylePolicy = $1
		$1.FileWidth = 120
		$1.TabsToSpaces = False
		$1.inheritsSet = VisualStudio
		$1.inheritsScope = text/plain
		$1.scope = text/x-csharp
		$0.CSharpFormattingPolicy = $2
		$2.SimplePropertyFormatting = ForceNewLine
		$2.AutoPropertyFormatting = ForceNewLine
		$2.AnonymousMethodBraceStyle = NextLine
		$2.PropertyBraceStyle = NextLine
		$2.PropertyGetBraceStyle = NextLine
		$2.PropertySetBraceStyle = NextLine
		$2.SimpleGetBlockFormatting = ForceNewLine
		$2.SimpleSetBlockFormatting = ForceNewLine
		$2.EventBraceStyle = NextLine
		$2.EventAddBraceStyle = NextLine
		$2.EventRemoveBraceStyle = NextLine
		$2.AllowEventAddBlockInline = False
		$2.AllowEventRemoveBlockInline = False
		$2.StatementBraceStyle = NextLine
		$2.BeforeMethodDeclarationParentheses = False
		$2.BeforeMethodCallParentheses = False
		$2.BeforeConstructorDeclarationParentheses = False
		$2.BeforeIndexerDeclarationBracket = False
		$2.BeforeDelegateDeclarationParentheses = False
		$2.NewParentheses = False
		$2.IfParentheses = False
		$2.WhileParentheses = False
		$2.ForParentheses = False
		$2.ForeachParentheses = False
		$2.CatchParentheses = False
		$2.SwitchParentheses = False
		$2.LockParentheses = False
		$2.UsingParentheses = False
		$2.SpacesBeforeBrackets = False
		$2.inheritsSet = Mono
		$2.inheritsScope = text/x-csharp
		$2.scope = text/x-csharp
	EndGlobalSection
EndGlobal
